
Microsoft Visual Studio Solution File, Format Version 12.00
# Visual Studio Version 16
VisualStudioVersion = 16.0.30523.141
MinimumVisualStudioVersion = 10.0.40219.1
Project("{FAE04EC0-301F-11D3-BF4B-00C04F79EFBC}") = "Esercizio 02 - Aeroporto", "Esercizio 02 - Aeroporto\Esercizio 02 - Aeroporto.csproj", "{75F9E17B-B3B4-4EE5-9D04-B0530CE45360}"
EndProject
Global
	GlobalSection(SolutionConfigurationPlatforms) = preSolution
		Debug|Any CPU = Debug|Any CPU
		Release|Any CPU = Release|Any CPU
	EndGlobalSection
	GlobalSection(ProjectConfigurationPlatforms) = postSolution
		{75F9E17B-B3B4-4EE5-9D04-B0530CE45360}.Debug|Any CPU.ActiveCfg = Debug|Any CPU
		{75F9E17B-B3B4-4EE5-9D04-B0530CE45360}.Debug|Any CPU.Build.0 = Debug|Any CPU
		{75F9E17B-B3B4-4EE5-9D04-B0530CE45360}.Release|Any CPU.ActiveCfg = Release|Any CPU
		{75F9E17B-B3B4-4EE5-9D04-B0530CE45360}.Release|Any CPU.Build.0 = Release|Any CPU
	EndGlobalSection
	GlobalSection(SolutionProperties) = preSolution
		HideSolutionNode = FALSE
	EndGlobalSection
	GlobalSection(ExtensibilityGlobals) = postSolution
		SolutionGuid = {6A4FB90A-28FE-40FF-889A-32E19F598D5F}
	EndGlobalSection
EndGlobal
