
Microsoft Visual Studio Solution File, Format Version 12.00
# Visual Studio Version 16
VisualStudioVersion = 16.0.30523.141
MinimumVisualStudioVersion = 10.0.40219.1
Project("{FAE04EC0-301F-11D3-BF4B-00C04F79EFBC}") = "Esercizio 05 - Automobili", "Esercizio 05 - Automobili\Esercizio 05 - Automobili.csproj", "{9AB78428-5E35-43E6-9727-06272922FFE0}"
EndProject
Global
	GlobalSection(SolutionConfigurationPlatforms) = preSolution
		Debug|Any CPU = Debug|Any CPU
		Release|Any CPU = Release|Any CPU
	EndGlobalSection
	GlobalSection(ProjectConfigurationPlatforms) = postSolution
		{9AB78428-5E35-43E6-9727-06272922FFE0}.Debug|Any CPU.ActiveCfg = Debug|Any CPU
		{9AB78428-5E35-43E6-9727-06272922FFE0}.Debug|Any CPU.Build.0 = Debug|Any CPU
		{9AB78428-5E35-43E6-9727-06272922FFE0}.Release|Any CPU.ActiveCfg = Release|Any CPU
		{9AB78428-5E35-43E6-9727-06272922FFE0}.Release|Any CPU.Build.0 = Release|Any CPU
	EndGlobalSection
	GlobalSection(SolutionProperties) = preSolution
		HideSolutionNode = FALSE
	EndGlobalSection
	GlobalSection(ExtensibilityGlobals) = postSolution
		SolutionGuid = {67FFB59E-3E79-47B3-868F-6EA3653F636F}
	EndGlobalSection
EndGlobal
